dependencies:
- name: logstash
  repository: https://helm.elastic.co
  version: 7.12.1
- name: filebeat
  repository: https://helm.elastic.co
  version: 7.12.1
- name: elasticsearch
  repository: https://helm.elastic.co
  version: 7.12.1
- name: kibana
  repository: https://helm.elastic.co
  version: 7.12.1
digest: sha256:84b72ccef27ac38a100fd8dd40be9199a7d1fc44c5a03e45259e67dda52f9939
generated: "2021-05-10T18:02:30.2833794+02:00"
